
Microsoft Visual Studio Solution File, Format Version 12.00
# Visual Studio 15
VisualStudioVersion = 15.0.28010.2046
MinimumVisualStudioVersion = 10.0.40219.1
Project("{FAE04EC0-301F-11D3-BF4B-00C04F79EFBC}") = "DataLayer", "DataLayer\DataLayer.csproj", "{9CFA0B03-35F0-4C35-B8AA-EF596D5C2190}"
EndProject
Project("{FAE04EC0-301F-11D3-BF4B-00C04F79EFBC}") = "BusinessLayer", "BusinessLayer\BusinessLayer.csproj", "{32102A58-8E73-46A7-8DAC-EF92EAB4A9BE}"
EndProject
Project("{FAE04EC0-301F-11D3-BF4B-00C04F79EFBC}") = "FullApplication", "FullApplication\FullApplication.csproj", "{F589FEE9-9B4A-4253-B3C9-A70DFB6A8496}"
EndProject
Global
	GlobalSection(SolutionConfigurationPlatforms) = preSolution
		Debug|Any CPU = Debug|Any CPU
		Release|Any CPU = Release|Any CPU
	EndGlobalSection
	GlobalSection(ProjectConfigurationPlatforms) = postSolution
		{9CFA0B03-35F0-4C35-B8AA-EF596D5C2190}.Debug|Any CPU.ActiveCfg = Debug|Any CPU
		{9CFA0B03-35F0-4C35-B8AA-EF596D5C2190}.Debug|Any CPU.Build.0 = Debug|Any CPU
		{9CFA0B03-35F0-4C35-B8AA-EF596D5C2190}.Release|Any CPU.ActiveCfg = Release|Any CPU
		{9CFA0B03-35F0-4C35-B8AA-EF596D5C2190}.Release|Any CPU.Build.0 = Release|Any CPU
		{32102A58-8E73-46A7-8DAC-EF92EAB4A9BE}.Debug|Any CPU.ActiveCfg = Debug|Any CPU
		{32102A58-8E73-46A7-8DAC-EF92EAB4A9BE}.Debug|Any CPU.Build.0 = Debug|Any CPU
		{32102A58-8E73-46A7-8DAC-EF92EAB4A9BE}.Release|Any CPU.ActiveCfg = Release|Any CPU
		{32102A58-8E73-46A7-8DAC-EF92EAB4A9BE}.Release|Any CPU.Build.0 = Release|Any CPU
		{F589FEE9-9B4A-4253-B3C9-A70DFB6A8496}.Debug|Any CPU.ActiveCfg = Debug|Any CPU
		{F589FEE9-9B4A-4253-B3C9-A70DFB6A8496}.Debug|Any CPU.Build.0 = Debug|Any CPU
		{F589FEE9-9B4A-4253-B3C9-A70DFB6A8496}.Release|Any CPU.ActiveCfg = Release|Any CPU
		{F589FEE9-9B4A-4253-B3C9-A70DFB6A8496}.Release|Any CPU.Build.0 = Release|Any CPU
	EndGlobalSection
	GlobalSection(SolutionProperties) = preSolution
		HideSolutionNode = FALSE
	EndGlobalSection
	GlobalSection(ExtensibilityGlobals) = postSolution
		SolutionGuid = {48420EFF-E939-45A9-9F99-7DA01192470C}
	EndGlobalSection
EndGlobal
